{
  "version": 4,
  "terraform_version": "1.2.4",
  "serial": 12,
  "lineage": "7023090f-78b4-4628-9512-26f2166d418e",
  "outputs": {
    "PrivateIp": {
      "value": "172.31.21.47",
      "type": "string"
    },
    "PublicDNS": {
      "value": "ec2-3-0-182-103.ap-southeast-1.compute.amazonaws.com",
      "type": "string"
    },
    "PublicIp": {
      "value": "3.0.182.103",
      "type": "string"
    }
  },
  "resources": [
    {
      "mode": "managed",
      "type": "aws_instance",
      "name": "my_instance",
      "provider": "provider[\"registry.terraform.io/hashicorp/aws\"]",
      "instances": [
        {
          "schema_version": 1,
          "attributes": {
            "ami": "ami-04ff9e9b51c1f62ca",
            "arn": "arn:aws:ec2:ap-southeast-1:972111001561:instance/i-086b9a5c45a80ef37",
            "associate_public_ip_address": true,
            "availability_zone": "ap-southeast-1a",
            "capacity_reservation_specification": [
              {
                "capacity_reservation_preference": "open",
                "capacity_reservation_target": []
              }
            ],
            "cpu_core_count": 1,
            "cpu_threads_per_core": 1,
            "credit_specification": [
              {
                "cpu_credits": "standard"
              }
            ],
            "disable_api_stop": false,
            "disable_api_termination": false,
            "ebs_block_device": [],
            "ebs_optimized": false,
            "enclave_options": [
              {
                "enabled": false
              }
            ],
            "ephemeral_block_device": [],
            "get_password_data": false,
            "hibernation": false,
            "host_id": null,
            "iam_instance_profile": "",
            "id": "i-086b9a5c45a80ef37",
            "instance_initiated_shutdown_behavior": "stop",
            "instance_state": "running",
            "instance_type": "t2.micro",
            "ipv6_address_count": 0,
            "ipv6_addresses": [],
            "key_name": "restaurant",
            "launch_template": [],
            "maintenance_options": [
              {
                "auto_recovery": "default"
              }
            ],
            "metadata_options": [
              {
                "http_endpoint": "enabled",
                "http_put_response_hop_limit": 1,
                "http_tokens": "optional",
                "instance_metadata_tags": "disabled"
              }
            ],
            "monitoring": false,
            "network_interface": [],
            "outpost_arn": "",
            "password_data": "",
            "placement_group": "",
            "placement_partition_number": null,
            "primary_network_interface_id": "eni-0ad5e673084ae8022",
            "private_dns": "ip-172-31-21-47.ap-southeast-1.compute.internal",
            "private_dns_name_options": [
              {
                "enable_resource_name_dns_a_record": false,
                "enable_resource_name_dns_aaaa_record": false,
                "hostname_type": "ip-name"
              }
            ],
            "private_ip": "172.31.21.47",
            "public_dns": "ec2-3-0-182-103.ap-southeast-1.compute.amazonaws.com",
            "public_ip": "3.0.182.103",
            "root_block_device": [
              {
                "delete_on_termination": true,
                "device_name": "/dev/sda1",
                "encrypted": false,
                "iops": 100,
                "kms_key_id": "",
                "tags": {},
                "throughput": 0,
                "volume_id": "vol-0482fe779d6d84ba8",
                "volume_size": 8,
                "volume_type": "gp2"
              }
            ],
            "secondary_private_ips": [],
            "security_groups": [
              "my_security_group"
            ],
            "source_dest_check": true,
            "subnet_id": "subnet-09c604adefb433489",
            "tags": {
              "Name": "restaurant instance"
            },
            "tags_all": {
              "Name": "restaurant instance"
            },
            "tenancy": "default",
            "timeouts": null,
            "user_data": null,
            "user_data_base64": null,
            "user_data_replace_on_change": false,
            "volume_tags": null,
            "vpc_security_group_ids": [
              "sg-03beb286e8e43cadb"
            ]
          },
          "sensitive_attributes": [],
          "private": "eyJlMmJmYjczMC1lY2FhLTExZTYtOGY4OC0zNDM2M2JjN2M0YzAiOnsiY3JlYXRlIjo2MDAwMDAwMDAwMDAsImRlbGV0ZSI6MTIwMDAwMDAwMDAwMCwidXBkYXRlIjo2MDAwMDAwMDAwMDB9LCJzY2hlbWFfdmVyc2lvbiI6IjEifQ==",
          "dependencies": [
            "aws_key_pair.restaurant_keypair"
          ]
        }
      ]
    },
    {
      "mode": "managed",
      "type": "aws_key_pair",
      "name": "restaurant_keypair",
      "provider": "provider[\"registry.terraform.io/hashicorp/aws\"]",
      "instances": [
        {
          "schema_version": 1,
          "attributes": {
            "arn": "arn:aws:ec2:ap-southeast-1:972111001561:key-pair/restaurant",
            "fingerprint": "3d:f4:36:39:c5:95:21:ce:de:5a:08:56:46:f4:ae:f0",
            "id": "restaurant",
            "key_name": "restaurant",
            "key_name_prefix": "",
            "key_pair_id": "key-032c2b7da261795d9",
            "key_type": "rsa",
            "public_key": "ssh-rsa AAAAB3NzaC1yc2EAAAADAQABAAABgQDEZsKaaOSnWxyTylRiAVat1bF3maDTsSFhd56Pnup1q92KqQR8mpksN6uoYp4Un/xmEwqS3Yc1UxowwK/10UVOUrY6TQuW8YXEDXWNhKgYzl5OLidIMJ9Y8mKHM5aJXoWmQhOJZUlTo0T/yQ641iVHD2jnkK+EdTPn2YZqCtb2XQzYnUYjku5uqTRRc7R288htYWh6LmkVGSGl3VwRMDAXDSAEgif9/aUrLEQPFNd+bnHgQvrb+5eXVPTa3qwdTKYjgzAhmJyHZ7TGG1L93qn4oIxh3LC/50VWAeGe7ER2NgTge4Ad0Gjf/hC6OuV6peACt59w02o5Gx7et8foy5JmEEp4w/VvHRkoFFSjJ7vUoGQ1RksxXJjvAMuI5pAroJ1/tl2sQCWOczgd0Ae4D3Lh9TZq0gQO1ECG7k++qDBnZz24W/+N4yM5FruUNt1+FshmQJ/Rk7cVINngzQ8mDgAw5lsEqwNigL2CPKNhhKz+/piI+FWa8QQj90p9BDGedyU= ASUS@DESKTOP-1FD6RQI",
            "tags": {},
            "tags_all": {}
          },
          "sensitive_attributes": [],
          "private": "eyJzY2hlbWFfdmVyc2lvbiI6IjEifQ=="
        }
      ]
    }
  ]
}
